{
	"name": "rbx-credits-plugin",
	"version": "0.0.1",
	"lockfileVersion": 3,
	"requires": true,
	"packages": {
		"": {
			"name": "rbx-credits-plugin",
			"version": "0.0.1",
			"hasInstallScript": true,
			"license": "MIT",
			"dependencies": {
				"@rbxts/services": "^1.5.1",
				"@rbxts/set-timeout": "^1.1.2"
			},
			"devDependencies": {
				"@rbxts/types": "^1.0.737"
			}
		},
		"node_modules/@rbxts/services": {
			"version": "1.5.1",
			"resolved": "https://registry.npmjs.org/@rbxts/services/-/services-1.5.1.tgz",
			"integrity": "sha512-SRtfIjga0K4YYSXRpK+eH3kcTq7ZXo9OHOt0jszaOOoEOIJloMGlyuRPqesPHyhveh2AMXAZr3TYbRMSD+u+kQ=="
		},
		"node_modules/@rbxts/set-timeout": {
			"version": "1.1.2",
			"resolved": "https://registry.npmjs.org/@rbxts/set-timeout/-/set-timeout-1.1.2.tgz",
			"integrity": "sha512-P/A0IiH9wuZdSJYr4Us0MDFm61nvIFR0acfKFHLkcOsgvIgELC90Up9ugiSsaMEHRIcIcO5UjE39LuS3xTzQHw==",
			"dependencies": {
				"@rbxts/services": "^1.5.1"
			}
		},
		"node_modules/@rbxts/types": {
			"version": "1.0.737",
			"resolved": "https://registry.npmjs.org/@rbxts/types/-/types-1.0.737.tgz",
			"integrity": "sha512-qoap8d2/oGczr2jMGfuj2SRThKbXQwFOCdJHeIs232whLcdDjPr7KowRagq4so8n/PrnDc5ep+fMuIZ1nr6Odg==",
			"dev": true
		}
	}
}
